{
  "name": "website",
  "version": "1.0.0",
  "lockfileVersion": 3,
  "requires": true,
  "packages": {
    "": {
      "name": "website",
      "version": "1.0.0",
      "license": "ISC",
      "dependencies": {
        "plotly.js-dist-min": "^2.35.3"
      }
    },
    "node_modules/plotly.js-dist-min": {
      "version": "2.35.3",
      "resolved": "https://registry.npmjs.org/plotly.js-dist-min/-/plotly.js-dist-min-2.35.3.tgz",
      "integrity": "sha512-sz2HLP8gkysLx/BanM2PtJTtZ1PLPwdHwMWNri2YxLBy3IOeuDsVQtlmWa4hoK3j/fi4naaD3uZJqH5ozM3zGg==",
      "license": "MIT"
    }
  }
}
